// !$*UTF8*$!
{
	archiveVersion = 1;
	classes = {
	};
	objectVersion = 46;
	objects = {

/* Begin PBXBuildFile section */
		D5F414821E6899BC008D9A7E /* main.m in Sources */ = {isa = PBXBuildFile; fileRef = D5F414811E6899BC008D9A7E /* main.m */; };
		D5F414851E6899BC008D9A7E /* AppDelegate.m in Sources */ = {isa = PBXBuildFile; fileRef = D5F414841E6899BC008D9A7E /* AppDelegate.m */; };
		D5F414881E6899BC008D9A7E /* RootViewController.m in Sources */ = {isa = PBXBuildFile; fileRef = D5F414871E6899BC008D9A7E /* RootViewController.m */; };
		D5F4148B1E6899BC008D9A7E /* Main.storyboard in Resources */ = {isa = PBXBuildFile; fileRef = D5F414891E6899BC008D9A7E /* Main.storyboard */; };
		D5F4148D1E6899BC008D9A7E /* Assets.xcassets in Resources */ = {isa = PBXBuildFile; fileRef = D5F4148C1E6899BC008D9A7E /* Assets.xcassets */; };
		D5F414901E6899BC008D9A7E /* LaunchScreen.storyboard in Resources */ = {isa = PBXBuildFile; fileRef = D5F4148E1E6899BC008D9A7E /* LaunchScreen.storyboard */; };
		D5F414991E689B70008D9A7E /* FirstTableViewController.m in Sources */ = {isa = PBXBuildFile; fileRef = D5F414981E689B70008D9A7E /* FirstTableViewController.m */; };
		D5F4149C1E6947BC008D9A7E /* SecondTableViewController.m in Sources */ = {isa = PBXBuildFile; fileRef = D5F4149B1E6947BC008D9A7E /* SecondTableViewController.m */; };
		D5F4149F1E69492F008D9A7E /* UIView+Layout.m in Sources */ = {isa = PBXBuildFile; fileRef = D5F4149E1E69492F008D9A7E /* UIView+Layout.m */; };
/* End PBXBuildFile section */

/* Begin PBXFileReference section */
		D5F4147D1E6899BC008D9A7E /* TestChildVC.app */ = {isa = PBXFileReference; explicitFileType = wrapper.application; includeInIndex = 0; path = TestChildVC.app; sourceTree = BUILT_PRODUCTS_DIR; };
		D5F414811E6899BC008D9A7E /* main.m */ = {isa = PBXFileReference; lastKnownFileType = sourcecode.c.objc; path = main.m; sourceTree = "<group>"; };
		D5F414831E6899BC008D9A7E /* AppDelegate.h */ = {isa = PBXFileReference; lastKnownFileType = sourcecode.c.h; path = AppDelegate.h; sourceTree = "<group>"; };
		D5F414841E6899BC008D9A7E /* AppDelegate.m */ = {isa = PBXFileReference; lastKnownFileType = sourcecode.c.objc; path = AppDelegate.m; sourceTree = "<group>"; };
		D5F414861E6899BC008D9A7E /* RootViewController.h */ = {isa = PBXFileReference; lastKnownFileType = sourcecode.c.h; path = RootViewController.h; sourceTree = "<group>"; };
		D5F414871E6899BC008D9A7E /* RootViewController.m */ = {isa = PBXFileReference; lastKnownFileType = sourcecode.c.objc; path = RootViewController.m; sourceTree = "<group>"; };
		D5F4148A1E6899BC008D9A7E /* Base */ = {isa = PBXFileReference; lastKnownFileType = file.storyboard; name = Base; path = Base.lproj/Main.storyboard; sourceTree = "<group>"; };
		D5F4148C1E6899BC008D9A7E /* Assets.xcassets */ = {isa = PBXFileReference; lastKnownFileType = folder.assetcatalog; path = Assets.xcassets; sourceTree = "<group>"; };
		D5F4148F1E6899BC008D9A7E /* Base */ = {isa = PBXFileReference; lastKnownFileType = file.storyboard; name = Base; path = Base.lproj/LaunchScreen.storyboard; sourceTree = "<group>"; };
		D5F414911E6899BC008D9A7E /* Info.plist */ = {isa = PBXFileReference; lastKnownFileType = text.plist.xml; path = Info.plist; sourceTree = "<group>"; };
		D5F414971E689B70008D9A7E /* FirstTableViewController.h */ = {isa = PBXFileReference; fileEncoding = 4; lastKnownFileType = sourcecode.c.h; path = FirstTableViewController.h; sourceTree = "<group>"; };
		D5F414981E689B70008D9A7E /* FirstTableViewController.m */ = {isa = PBXFileReference; fileEncoding = 4; lastKnownFileType = sourcecode.c.objc; path = FirstTableViewController.m; sourceTree = "<group>"; };
		D5F4149A1E6947BC008D9A7E /* SecondTableViewController.h */ = {isa = PBXFileReference; fileEncoding = 4; lastKnownFileType = sourcecode.c.h; path = SecondTableViewController.h; sourceTree = "<group>"; };
		D5F4149B1E6947BC008D9A7E /* SecondTableViewController.m */ = {isa = PBXFileReference; fileEncoding = 4; lastKnownFileType = sourcecode.c.objc; path = SecondTableViewController.m; sourceTree = "<group>"; };
		D5F4149D1E69492F008D9A7E /* UIView+Layout.h */ = {isa = PBXFileReference; fileEncoding = 4; lastKnownFileType = sourcecode.c.h; path = "UIView+Layout.h"; sourceTree = "<group>"; };
		D5F4149E1E69492F008D9A7E /* UIView+Layout.m */ = {isa = PBXFileReference; fileEncoding = 4; lastKnownFileType = sourcecode.c.objc; path = "UIView+Layout.m"; sourceTree = "<group>"; };
/* End PBXFileReference section */

/* Begin PBXFrameworksBuildPhase section */
		D5F4147A1E6899BC008D9A7E /* Frameworks */ = {
			isa = PBXFrameworksBuildPhase;
			buildActionMask = 2147483647;
			files = (
			);
			runOnlyForDeploymentPostprocessing = 0;
		};
/* End PBXFrameworksBuildPhase section */

/* Begin PBXGroup section */
		D5F414741E6899BB008D9A7E = {
			isa = PBXGroup;
			children = (
				D5F4147F1E6899BC008D9A7E /* TestChildVC */,
				D5F4147E1E6899BC008D9A7E /* Products */,
			);
			sourceTree = "<group>";
		};
		D5F4147E1E6899BC008D9A7E /* Products */ = {
			isa = PBXGroup;
			children = (
				D5F4147D1E6899BC008D9A7E /* TestChildVC.app */,
			);
			name = Products;
			sourceTree = "<group>";
		};
		D5F4147F1E6899BC008D9A7E /* TestChildVC */ = {
			isa = PBXGroup;
			children = (
				D5F414831E6899BC008D9A7E /* AppDelegate.h */,
				D5F414841E6899BC008D9A7E /* AppDelegate.m */,
				D5F414861E6899BC008D9A7E /* RootViewController.h */,
				D5F414871E6899BC008D9A7E /* RootViewController.m */,
				D5F414971E689B70008D9A7E /* FirstTableViewController.h */,
				D5F414981E689B70008D9A7E /* FirstTableViewController.m */,
				D5F4149A1E6947BC008D9A7E /* SecondTableViewController.h */,
				D5F4149B1E6947BC008D9A7E /* SecondTableViewController.m */,
				D5F4149D1E69492F008D9A7E /* UIView+Layout.h */,
				D5F4149E1E69492F008D9A7E /* UIView+Layout.m */,
				D5F414891E6899BC008D9A7E /* Main.storyboard */,
				D5F4148C1E6899BC008D9A7E /* Assets.xcassets */,
				D5F4148E1E6899BC008D9A7E /* LaunchScreen.storyboard */,
				D5F414911E6899BC008D9A7E /* Info.plist */,
				D5F414801E6899BC008D9A7E /* Supporting Files */,
			);
			path = TestChildVC;
			sourceTree = "<group>";
		};
		D5F414801E6899BC008D9A7E /* Supporting Files */ = {
			isa = PBXGroup;
			children = (
				D5F414811E6899BC008D9A7E /* main.m */,
			);
			name = "Supporting Files";
			sourceTree = "<group>";
		};
/* End PBXGroup section */

/* Begin PBXNativeTarget section */
		D5F4147C1E6899BC008D9A7E /* TestChildVC */ = {
			isa = PBXNativeTarget;
			buildConfigurationList = D5F414941E6899BC008D9A7E /* Build configuration list for PBXNativeTarget "TestChildVC" */;
			buildPhases = (
				D5F414791E6899BC008D9A7E /* Sources */,
				D5F4147A1E6899BC008D9A7E /* Frameworks */,
				D5F4147B1E6899BC008D9A7E /* Resources */,
			);
			buildRules = (
			);
			dependencies = (
			);
			name = TestChildVC;
			productName = TestChildVC;
			productReference = D5F4147D1E6899BC008D9A7E /* TestChildVC.app */;
			productType = "com.apple.product-type.application";
		};
/* End PBXNativeTarget section */

/* Begin PBXProject section */
		D5F414751E6899BB008D9A7E /* Project object */ = {
			isa = PBXProject;
			attributes = {
				LastUpgradeCheck = 0820;
				ORGANIZATIONNAME = TON;
				TargetAttributes = {
					D5F4147C1E6899BC008D9A7E = {
						CreatedOnToolsVersion = 8.2.1;
						ProvisioningStyle = Automatic;
					};
				};
			};
			buildConfigurationList = D5F414781E6899BB008D9A7E /* Build configuration list for PBXProject "TestChildVC" */;
			compatibilityVersion = "Xcode 3.2";
			developmentRegion = English;
			hasScannedForEncodings = 0;
			knownRegions = (
				en,
				Base,
			);
			mainGroup = D5F414741E6899BB008D9A7E;
			productRefGroup = D5F4147E1E6899BC008D9A7E /* Products */;
			projectDirPath = "";
			projectRoot = "";
			targets = (
				D5F4147C1E6899BC008D9A7E /* TestChildVC */,
			);
		};
/* End PBXProject section */

/* Begin PBXResourcesBuildPhase section */
		D5F4147B1E6899BC008D9A7E /* Resources */ = {
			isa = PBXResourcesBuildPhase;
			buildActionMask = 2147483647;
			files = (
				D5F414901E6899BC008D9A7E /* LaunchScreen.storyboard in Resources */,
				D5F4148D1E6899BC008D9A7E /* Assets.xcassets in Resources */,
				D5F4148B1E6899BC008D9A7E /* Main.storyboard in Resources */,
			);
			runOnlyForDeploymentPostprocessing = 0;
		};
/* End PBXResourcesBuildPhase section */

/* Begin PBXSourcesBuildPhase section */
		D5F414791E6899BC008D9A7E /* Sources */ = {
			isa = PBXSourcesBuildPhase;
			buildActionMask = 2147483647;
			files = (
				D5F414991E689B70008D9A7E /* FirstTableViewController.m in Sources */,
				D5F414881E6899BC008D9A7E /* RootViewController.m in Sources */,
				D5F4149F1E69492F008D9A7E /* UIView+Layout.m in Sources */,
				D5F414851E6899BC008D9A7E /* AppDelegate.m in Sources */,
				D5F414821E6899BC008D9A7E /* main.m in Sources */,
				D5F4149C1E6947BC008D9A7E /* SecondTableViewController.m in Sources */,
			);
			runOnlyForDeploymentPostprocessing = 0;
		};
/* End PBXSourcesBuildPhase section */

/* Begin PBXVariantGroup section */
		D5F414891E6899BC008D9A7E /* Main.storyboard */ = {
			isa = PBXVariantGroup;
			children = (
				D5F4148A1E6899BC008D9A7E /* Base */,
			);
			name = Main.storyboard;
			sourceTree = "<group>";
		};
		D5F4148E1E6899BC008D9A7E /* LaunchScreen.storyboard */ = {
			isa = PBXVariantGroup;
			children = (
				D5F4148F1E6899BC008D9A7E /* Base */,
			);
			name = LaunchScreen.storyboard;
			sourceTree = "<group>";
		};
/* End PBXVariantGroup section */

/* Begin XCBuildConfiguration section */
		D5F414921E6899BC008D9A7E /* Debug */ = {
			isa = XCBuildConfiguration;
			buildSettings = {
				ALWAYS_SEARCH_USER_PATHS = NO;
				CLANG_ANALYZER_NONNULL = YES;
				CLANG_CXX_LANGUAGE_STANDARD = "gnu++0x";
				CLANG_CXX_LIBRARY = "libc++";
				CLANG_ENABLE_MODULES = YES;
				CLANG_ENABLE_OBJC_ARC = YES;
				CLANG_WARN_BOOL_CONVERSION = YES;
				CLANG_WARN_CONSTANT_CONVERSION = YES;
				CLANG_WARN_DIRECT_OBJC_ISA_USAGE = YES_ERROR;
				CLANG_WARN_DOCUMENTATION_COMMENTS = YES;
				CLANG_WARN_EMPTY_BODY = YES;
				CLANG_WARN_ENUM_CONVERSION = YES;
				CLANG_WARN_INFINITE_RECURSION = YES;
				CLANG_WARN_INT_CONVERSION = YES;
				CLANG_WARN_OBJC_ROOT_CLASS = YES_ERROR;
				CLANG_WARN_SUSPICIOUS_MOVE = YES;
				CLANG_WARN_UNREACHABLE_CODE = YES;
				CLANG_WARN__DUPLICATE_METHOD_MATCH = YES;
				"CODE_SIGN_IDENTITY[sdk=iphoneos*]" = "iPhone Developer";
				COPY_PHASE_STRIP = NO;
				DEBUG_INFORMATION_FORMAT = dwarf;
				ENABLE_STRICT_OBJC_MSGSEND = YES;
				ENABLE_TESTABILITY = YES;
				GCC_C_LANGUAGE_STANDARD = gnu99;
				GCC_DYNAMIC_NO_PIC = NO;
				GCC_NO_COMMON_BLOCKS = YES;
				GCC_OPTIMIZATION_LEVEL = 0;
				GCC_PREPROCESSOR_DEFINITIONS = (
					"DEBUG=1",
					"$(inherited)",
				);
				GCC_WARN_64_TO_32_BIT_CONVERSION = YES;
				GCC_WARN_ABOUT_RETURN_TYPE = YES_ERROR;
				GCC_WARN_UNDECLARED_SELECTOR = YES;
				GCC_WARN_UNINITIALIZED_AUTOS = YES_AGGRESSIVE;
				GCC_WARN_UNUSED_FUNCTION = YES;
				GCC_WARN_UNUSED_VARIABLE = YES;
				IPHONEOS_DEPLOYMENT_TARGET = 10.2;
				MTL_ENABLE_DEBUG_INFO = YES;
				ONLY_ACTIVE_ARCH = YES;
				SDKROOT = iphoneos;
				TARGETED_DEVICE_FAMILY = "1,2";
			};
			name = Debug;
		};
		D5F414931E6899BC008D9A7E /* Release */ = {
			isa = XCBuildConfiguration;
			buildSettings = {
				ALWAYS_SEARCH_USER_PATHS = NO;
				CLANG_ANALYZER_NONNULL = YES;
				CLANG_CXX_LANGUAGE_STANDARD = "gnu++0x";
				CLANG_CXX_LIBRARY = "libc++";
				CLANG_ENABLE_MODULES = YES;
				CLANG_ENABLE_OBJC_ARC = YES;
				CLANG_WARN_BOOL_CONVERSION = YES;
				CLANG_WARN_CONSTANT_CONVERSION = YES;
				CLANG_WARN_DIRECT_OBJC_ISA_USAGE = YES_ERROR;
				CLANG_WARN_DOCUMENTATION_COMMENTS = YES;
				CLANG_WARN_EMPTY_BODY = YES;
				CLANG_WARN_ENUM_CONVERSION = YES;
				CLANG_WARN_INFINITE_RECURSION = YES;
				CLANG_WARN_INT_CONVERSION = YES;
				CLANG_WARN_OBJC_ROOT_CLASS = YES_ERROR;
				CLANG_WARN_SUSPICIOUS_MOVE = YES;
				CLANG_WARN_UNREACHABLE_CODE = YES;
				CLANG_WARN__DUPLICATE_METHOD_MATCH = YES;
				"CODE_SIGN_IDENTITY[sdk=iphoneos*]" = "iPhone Developer";
				COPY_PHASE_STRIP = NO;
				DEBUG_INFORMATION_FORMAT = "dwarf-with-dsym";
				ENABLE_NS_ASSERTIONS = NO;
				ENABLE_STRICT_OBJC_MSGSEND = YES;
				GCC_C_LANGUAGE_STANDARD = gnu99;
				GCC_NO_COMMON_BLOCKS = YES;
				GCC_WARN_64_TO_32_BIT_CONVERSION = YES;
				GCC_WARN_ABOUT_RETURN_TYPE = YES_ERROR;
				GCC_WARN_UNDECLARED_SELECTOR = YES;
				GCC_WARN_UNINITIALIZED_AUTOS = YES_AGGRESSIVE;
				GCC_WARN_UNUSED_FUNCTION = YES;
				GCC_WARN_UNUSED_VARIABLE = YES;
				IPHONEOS_DEPLOYMENT_TARGET = 10.2;
				MTL_ENABLE_DEBUG_INFO = NO;
				SDKROOT = iphoneos;
				TARGETED_DEVICE_FAMILY = "1,2";
				VALIDATE_PRODUCT = YES;
			};
			name = Release;
		};
		D5F414951E6899BC008D9A7E /* Debug */ = {
			isa = XCBuildConfiguration;
			buildSettings = {
				ASSETCATALOG_COMPILER_APPICON_NAME = AppIcon;
				INFOPLIST_FILE = TestChildVC/Info.plist;
				LD_RUNPATH_SEARCH_PATHS = "$(inherited) @executable_path/Frameworks";
				PRODUCT_BUNDLE_IDENTIFIER = com.ton.TestChildVC;
				PRODUCT_NAME = "$(TARGET_NAME)";
			};
			name = Debug;
		};
		D5F414961E6899BC008D9A7E /* Release */ = {
			isa = XCBuildConfiguration;
			buildSettings = {
				ASSETCATALOG_COMPILER_APPICON_NAME = AppIcon;
				INFOPLIST_FILE = TestChildVC/Info.plist;
				LD_RUNPATH_SEARCH_PATHS = "$(inherited) @executable_path/Frameworks";
				PRODUCT_BUNDLE_IDENTIFIER = com.ton.TestChildVC;
				PRODUCT_NAME = "$(TARGET_NAME)";
			};
			name = Release;
		};
/* End XCBuildConfiguration section */

/* Begin XCConfigurationList section */
		D5F414781E6899BB008D9A7E /* Build configuration list for PBXProject "TestChildVC" */ = {
			isa = XCConfigurationList;
			buildConfigurations = (
				D5F414921E6899BC008D9A7E /* Debug */,
				D5F414931E6899BC008D9A7E /* Release */,
			);
			defaultConfigurationIsVisible = 0;
			defaultConfigurationName = Release;
		};
		D5F414941E6899BC008D9A7E /* Build configuration list for PBXNativeTarget "TestChildVC" */ = {
			isa = XCConfigurationList;
			buildConfigurations = (
				D5F414951E6899BC008D9A7E /* Debug */,
				D5F414961E6899BC008D9A7E /* Release */,
			);
			defaultConfigurationIsVisible = 0;
		};
/* End XCConfigurationList section */
	};
	rootObject = D5F414751E6899BB008D9A7E /* Project object */;
}
